
Microsoft Visual Studio Solution File, Format Version 12.00
# Visual Studio Version 17
VisualStudioVersion = 17.9.34701.34
MinimumVisualStudioVersion = 10.0.40219.1
Project("{FAE04EC0-301F-11D3-BF4B-00C04F79EFBC}") = "Student.API", "Student.API\Student.API.csproj", "{D044C43A-6563-405C-94B4-E04BF0F9B96E}"
EndProject
Project("{FAE04EC0-301F-11D3-BF4B-00C04F79EFBC}") = "Student.MVC", "Student.MVC\Student.MVC.csproj", "{A73E4089-0A23-4F84-A415-745A7553EC62}"
EndProject
Global
	GlobalSection(SolutionConfigurationPlatforms) = preSolution
		Debug|Any CPU = Debug|Any CPU
		Release|Any CPU = Release|Any CPU
	EndGlobalSection
	GlobalSection(ProjectConfigurationPlatforms) = postSolution
		{D044C43A-6563-405C-94B4-E04BF0F9B96E}.Debug|Any CPU.ActiveCfg = Debug|Any CPU
		{D044C43A-6563-405C-94B4-E04BF0F9B96E}.Debug|Any CPU.Build.0 = Debug|Any CPU
		{D044C43A-6563-405C-94B4-E04BF0F9B96E}.Release|Any CPU.ActiveCfg = Release|Any CPU
		{D044C43A-6563-405C-94B4-E04BF0F9B96E}.Release|Any CPU.Build.0 = Release|Any CPU
		{A73E4089-0A23-4F84-A415-745A7553EC62}.Debug|Any CPU.ActiveCfg = Debug|Any CPU
		{A73E4089-0A23-4F84-A415-745A7553EC62}.Debug|Any CPU.Build.0 = Debug|Any CPU
		{A73E4089-0A23-4F84-A415-745A7553EC62}.Release|Any CPU.ActiveCfg = Release|Any CPU
		{A73E4089-0A23-4F84-A415-745A7553EC62}.Release|Any CPU.Build.0 = Release|Any CPU
	EndGlobalSection
	GlobalSection(SolutionProperties) = preSolution
		HideSolutionNode = FALSE
	EndGlobalSection
	GlobalSection(ExtensibilityGlobals) = postSolution
		SolutionGuid = {636D3065-C3A2-4512-8E54-33F3CF6A6CB1}
	EndGlobalSection
EndGlobal
